{
    "hash": "54472af9ed77b73f78a43d4f1a4d7bb2",
    "packages": [
        {
            "package": "doctrine/common",
            "version": "2.2.2"
        },
        {
            "package": "doctrine/data-fixtures",
            "version": "dev-master",
            "source-reference": "64538135ef2b17a296e26f88a04c7ce2e4551459",
            "commit-date": "1340776266"
        },
        {
            "package": "doctrine/dbal",
            "version": "2.2.2"
        },
        {
            "package": "doctrine/doctrine-bundle",
            "version": "dev-master",
            "source-reference": "94951737d6c692500d6b13bb92871935568a4ba5",
            "commit-date": "1340102167"
        },
        {
            "package": "doctrine/doctrine-fixtures-bundle",
            "version": "dev-master",
            "source-reference": "33b267d3068d6c2f8daa0b417285cf76e7f82fc4",
            "commit-date": "1333478471"
        },
        {
            "package": "doctrine/doctrine-migrations-bundle",
            "version": "dev-master",
            "source-reference": "fd6c13e2a918b887dd880479a2dd6dcd3293c611",
            "commit-date": "1338406104"
        },
        {
            "package": "doctrine/migrations",
            "version": "dev-master",
            "source-reference": "fe98141b1e460baf5ab52f9139e1ae238101b28b",
            "commit-date": "1336330359"
        },
        {
            "package": "doctrine/orm",
            "version": "2.2.0"
        },
        {
            "package": "fabpot/php-cs-fixer",
            "version": "dev-master",
            "source-reference": "c894d608b5e55a12658edca6abe00aa299364579",
            "commit-date": "1340738124"
        },
        {
            "package": "friendsofsymfony/rest",
            "version": "dev-master",
            "alias-pretty-version": "0.7.x-dev",
            "alias-version": "0.7.9999999.9999999-dev"
        },
        {
            "package": "friendsofsymfony/rest",
            "version": "dev-master",
            "source-reference": "5ea703f5a3f5c7110cadeccb91b212c0eb7ea2d0",
            "commit-date": "1339701893"
        },
        {
            "package": "friendsofsymfony/rest-bundle",
            "version": "dev-master",
            "source-reference": "f279c12d1e375fc3a63255589b5959015238607b",
            "commit-date": "1340563368"
        },
        {
            "package": "friendsofsymfony/user-bundle",
            "version": "dev-master",
            "source-reference": "0363e2389055acf3619b28b5a6c401a4aa5b838b",
            "commit-date": "1340798867"
        },
        {
            "package": "gedmo/doctrine-extensions",
            "version": "dev-master",
            "source-reference": "f3b75e0fa19b8559b76128fc3f50ecf3bb4306f0",
            "commit-date": "1340773520"
        },
        {
            "package": "jms/aop-bundle",
            "version": "1.0.0"
        },
        {
            "package": "jms/cg",
            "version": "1.0.0"
        },
        {
            "package": "jms/di-extra-bundle",
            "version": "1.0.1"
        },
        {
            "package": "jms/metadata",
            "version": "1.1.1"
        },
        {
            "package": "jms/security-extra-bundle",
            "version": "1.1.0"
        },
        {
            "package": "jms/serializer-bundle",
            "version": "dev-master",
            "alias-pretty-version": "0.9.x-dev",
            "alias-version": "0.9.9999999.9999999-dev"
        },
        {
            "package": "jms/serializer-bundle",
            "version": "dev-master",
            "source-reference": "801132b68520b2b1f826a50e4eb12a31e1463303",
            "commit-date": "1339681843"
        },
        {
            "package": "kriswallsmith/assetic",
            "version": "dev-master",
            "alias-pretty-version": "1.1.x-dev",
            "alias-version": "1.1.9999999.9999999-dev"
        },
        {
            "package": "kriswallsmith/assetic",
            "version": "dev-master",
            "source-reference": "d6f89a3170c5280ad554347dc113eb25fdf00ad7",
            "commit-date": "1339515714"
        },
        {
            "package": "leafo/lessphp",
            "version": "master",
            "source-reference": "master",
            "commit-date": "1337928674"
        },
        {
            "package": "monolog/monolog",
            "version": "1.1.0"
        },
        {
            "package": "phpugl/dime-timetracker-bundle",
            "version": "dev-master",
            "source-reference": "da3f07b3c754c699e7a0be9afde2597c5952241a",
            "commit-date": "1340817430"
        },
        {
            "package": "phpugl/dime-timetracker-frontend-bundle",
            "version": "dev-master",
            "source-reference": "0b014da552c4a59d13fdf4a21913ed81499bdd6c",
            "commit-date": "1340817342"
        },
        {
            "package": "ruian/twitter-bootstrap-bundle",
            "version": "dev-master",
            "source-reference": "dfa23620f275095e94e4cf3aff2b9bb95efcb096",
            "commit-date": "1336556569"
        },
        {
            "package": "sensio/distribution-bundle",
            "version": "dev-master",
            "source-reference": "f3515e702f9cae8e727d982557dca8de82dd12c5",
            "commit-date": "1340790396"
        },
        {
            "package": "sensio/framework-extra-bundle",
            "version": "dev-master",
            "alias-pretty-version": "2.1.x-dev",
            "alias-version": "2.1.9999999.9999999-dev"
        },
        {
            "package": "sensio/framework-extra-bundle",
            "version": "dev-master",
            "source-reference": "ba7c2d872d609d972d43254bb9d1fdead25f7758",
            "commit-date": "1340725130"
        },
        {
            "package": "sensio/generator-bundle",
            "version": "dev-master",
            "source-reference": "43ed45c48db18e4a0e48aec0c098f42e56e22d36",
            "commit-date": "1340138445"
        },
        {
            "package": "stof/doctrine-extensions-bundle",
            "version": "dev-master",
            "source-reference": "f141a698d65271a18d86469c1f7b29d7e24170dd",
            "commit-date": "1334871333"
        },
        {
            "package": "swiftmailer/swiftmailer",
            "version": "dev-master",
            "alias-pretty-version": "4.1.x-dev",
            "alias-version": "4.1.9999999.9999999-dev"
        },
        {
            "package": "swiftmailer/swiftmailer",
            "version": "dev-master",
            "source-reference": "0173abd7bb539bc5dd0b823b06b46636121384e9",
            "commit-date": "1340373948"
        },
        {
            "package": "symfony/assetic-bundle",
            "version": "dev-master",
            "source-reference": "8fe7b898b08103c1d6fce64c3e279a7afd61adfc",
            "commit-date": "1340234971"
        },
        {
            "package": "symfony/monolog-bundle",
            "version": "dev-master",
            "source-reference": "660a1aeaf93e8ffdc34c27b3a82dc47195ad1d8d",
            "commit-date": "1340609637"
        },
        {
            "package": "symfony/swiftmailer-bundle",
            "version": "dev-master",
            "source-reference": "v2.1.0-BETA1",
            "commit-date": "1340144744"
        },
        {
            "package": "symfony/symfony",
            "version": "dev-master",
            "alias-pretty-version": "2.1.x-dev",
            "alias-version": "2.1.9999999.9999999-dev"
        },
        {
            "package": "symfony/symfony",
            "version": "dev-master",
            "source-reference": "d0e154725c85a3ec5bc6760a59cc2769b8a17ae5",
            "commit-date": "1340724924"
        },
        {
            "package": "twig/extensions",
            "version": "dev-master",
            "source-reference": "feb6d3f10c411e2631997c0a905aa581c80305c1",
            "commit-date": "1337599699"
        },
        {
            "package": "twig/twig",
            "version": "dev-master",
            "alias-pretty-version": "1.8.x-dev",
            "alias-version": "1.8.9999999.9999999-dev"
        },
        {
            "package": "twig/twig",
            "version": "dev-master",
            "source-reference": "48a04538659e85e4c89da3787587e1988db9c5e9",
            "commit-date": "1340790574"
        },
        {
            "package": "twitter/bootstrap",
            "version": "master",
            "source-reference": "master",
            "commit-date": "1335417589"
        }
    ],
    "packages-dev": null,
    "aliases": [

    ],
    "minimum-stability": "dev",
    "stability-flags": {
        "doctrine/doctrine-bundle": 20,
        "twig/extensions": 20,
        "symfony/assetic-bundle": 20,
        "symfony/swiftmailer-bundle": 20,
        "symfony/monolog-bundle": 20,
        "sensio/distribution-bundle": 20,
        "sensio/framework-extra-bundle": 20,
        "sensio/generator-bundle": 20,
        "fabpot/php-cs-fixer": 20,
        "phpugl/dime-timetracker-bundle": 20,
        "phpugl/dime-timetracker-frontend-bundle": 20
    }
}
