{
    "hash": "ac623803dc1d922b9a61cb0dad5cf035",
    "packages": [
        {
            "package": "doctrine/common",
            "version": "2.2.2"
        },
        {
            "package": "doctrine/data-fixtures",
            "version": "dev-master",
            "source-reference": "27c8dac90a290d860b8ca8e8e51bf45e1f9daf93"
        },
        {
            "package": "doctrine/dbal",
            "version": "2.2.2"
        },
        {
            "package": "doctrine/doctrine-bundle",
            "version": "dev-master",
            "source-reference": "74632539010f1f8887e8afadf41a732efce971c1"
        },
        {
            "package": "doctrine/doctrine-fixtures-bundle",
            "version": "dev-master",
            "source-reference": "33b267d3068d6c2f8daa0b417285cf76e7f82fc4"
        },
        {
            "package": "doctrine/doctrine-migrations-bundle",
            "version": "dev-master",
            "source-reference": "e670643b1011fb997a209d8564a1c493fda1f4c3"
        },
        {
            "package": "doctrine/migrations",
            "version": "dev-master",
            "source-reference": "fe98141b1e460baf5ab52f9139e1ae238101b28b"
        },
        {
            "package": "doctrine/orm",
            "version": "2.2.0"
        },
        {
            "package": "friendsofsymfony/rest",
            "version": "dev-master",
            "source-reference": "d9f772ddb9bb4fd0d952fa45cf0e5e76510b111c"
        },
        {
            "package": "friendsofsymfony/rest-bundle",
            "version": "dev-master",
            "source-reference": "1fd512952a31f6db90be63636fab73369994737a"
        },
        {
            "package": "jms/aop-bundle",
            "version": "1.0.0"
        },
        {
            "package": "jms/cg",
            "version": "1.0.0"
        },
        {
            "package": "jms/di-extra-bundle",
            "version": "1.0.1"
        },
        {
            "package": "jms/metadata",
            "version": "1.1.1"
        },
        {
            "package": "jms/security-extra-bundle",
            "version": "1.1.0"
        },
        {
            "package": "jms/serializer-bundle",
            "version": "dev-master",
            "source-reference": "904e41c55e795939b487d956ab5ebba5baebdc23"
        },
        {
            "package": "kriswallsmith/assetic",
            "version": "dev-master",
            "source-reference": "1a1b5f963db158a1065343fab617d25ce351a2dc"
        },
        {
            "package": "leafo/lessphp",
            "version": "master",
            "source-reference": "master"
        },
        {
            "package": "monolog/monolog",
            "version": "1.1.0"
        },
        {
            "package": "phpugl/dime-timetracker-bundle",
            "version": "dev-master",
            "source-reference": "c9dcb2874d1af9220a466cdb72db414cf2332824"
        },
        {
            "package": "phpugl/dime-timetracker-frontend-bundle",
            "version": "dev-master",
            "source-reference": "b723474533ce6e454be0e4ce99d2751a71d4d3c7"
        },
        {
            "package": "ruian/twitter-bootstrap-bundle",
            "version": "dev-master",
            "source-reference": "dfa23620f275095e94e4cf3aff2b9bb95efcb096"
        },
        {
            "package": "sensio/distribution-bundle",
            "version": "dev-master",
            "source-reference": "b35ee4438b4d2351e8115cbf318c461b90fd8c7f"
        },
        {
            "package": "sensio/framework-extra-bundle",
            "version": "dev-master",
            "source-reference": "e00b525b14784ea4f21c14945e58b4a76a530a6a"
        },
        {
            "package": "sensio/generator-bundle",
            "version": "dev-master",
            "source-reference": "0813379920dcaa4b06361501f654379383d75f16"
        },
        {
            "package": "swiftmailer/swiftmailer",
            "version": "dev-master",
            "source-reference": "d33d54cc8a081b0b85734744936ede1ba230dd64",
            "alias": "4.1.9999999.9999999-dev"
        },
        {
            "package": "symfony/assetic-bundle",
            "version": "dev-master",
            "source-reference": "61c9f363e73b4ecbb72f81eb62675260a1132048"
        },
        {
            "package": "symfony/monolog-bundle",
            "version": "dev-master",
            "source-reference": "51a25acc57f4c027b28f0305976b887e2da6250a"
        },
        {
            "package": "symfony/swiftmailer-bridge",
            "version": "dev-master",
            "source-reference": "408eb09f5799d393ddc3d916ec3667857fb3a20d"
        },
        {
            "package": "symfony/swiftmailer-bundle",
            "version": "dev-master",
            "source-reference": "71e1789868665cf94dc7831f645625fd0f70aac6"
        },
        {
            "package": "symfony/symfony",
            "version": "dev-master",
            "source-reference": "9e9519913d2c5e2bef96070bcb9106e1e389c3bd",
            "alias": "2.1.9999999.9999999-dev"
        },
        {
            "package": "twig/extensions",
            "version": "dev-master",
            "source-reference": "feb6d3f10c411e2631997c0a905aa581c80305c1"
        },
        {
            "package": "twig/twig",
            "version": "dev-master",
            "source-reference": "45d0f6fe67e2199d1148cf1c7e832674af4e8e93",
            "alias": "1.8.9999999.9999999-dev"
        },
        {
            "package": "twitter/bootstrap",
            "version": "master",
            "source-reference": "master"
        }
    ],
    "packages-dev": null,
    "aliases": [

    ]
}
