symfony a1370c97d5605f42417ca8ee327a254913f16ff0
twig 01f733f4b5407a7a2cc97f2b6dc269c8432da022
monolog b704c49a3051536f67f2d39f13568f74615b9922
doctrine-common fc26d10d97dc773923a8d561e9301c3c73b9cc70
doctrine-dbal c8835edf74854426b0039f0535204718e75e3b7a
doctrine 48dcee9d60459fce1542d11536d465f5d89cff55
swiftmailer 982b4c9498b7dd85e70f6d35e65d909c888e6345
assetic f829ad23d23c87480151a21faad49fefe7c09e5d
twig-extensions 1dfff8e793f50f651c4f74f796c2c68a4aee3147
metadata 30c622cad82e39a6856b981a9bfb9df06b3cc067
SensioFrameworkExtraBundle 1b0ca00361050760f14f70be6f3a31f125211f3d
JMSSecurityExtraBundle 541a4c242328dc04b99540c75346cc74a7c0cfb5
SensioDistributionBundle f00c99854ff161b006a200d8dffa0013981d5373
SensioGeneratorBundle fe924497677ea41d0d09f0c011e55142bda12cd7
AsseticBundle da4a46ce37557dcf3068b8493b12bdbbe47455e2
DoctrineBundle 12fb9e5b27560582a668813b461fc1c522c8f88a
SwiftmailerBundle 75f8f95c201922a966274547131b33291d15d51b
MonologBundle 74c30fbdb32109c94766dae784fe597417e35432
data-fixtures ffee818a6e3af526b774de11b690a36512fa6235
migrations 9e81984b0f126b0830d9ac6acc2d1da81aba2b94
DoctrineMigrationsBundle 9690dfba714fa82f3979fb5fa18750a37ab16e1c
DoctrineFixturesBundle 0e4e56b1da7981bcc7729e0f301a75195d34df18
FOSRestBundle b65c8584a9817a2b7311d5736b24701e3ed07321
JMSSerializerBundle f9dbc50f50a6a462ac7d96cbf1dffb923561babe
RuianTwitterBootstrapBundle 830a30d3e567875bf82fcafb8e979660521f841f
TwitterBootstrap2 fd49d4a44f7fe73054b861461b9ec0f36a1bb29a
lessphp 24885aa848bff3181575551297404e667ba662b0
DimeTimetrackerBundle 4acfd38b3c519fa318d72ba42da43ecc88a18210
DimeTimetrackerFrontendBundle ff4bb7da008d98969cae57846c656d17df9e8081
Buzz 424187ec75eccf015296349be43980a95630ac9a
DimeInvoiceBundle e821553c8904da4f270d5f98af6c9e9f8dc728fc